
Microsoft Visual Studio Solution File, Format Version 12.00
# Visual Studio Version 17
VisualStudioVersion = 17.4.33213.308
MinimumVisualStudioVersion = 10.0.40219.1
Project("{FAE04EC0-301F-11D3-BF4B-00C04F79EFBC}") = "MegaFilmes", "MegaFilmes\MegaFilmes.csproj", "{9716B88E-FCFC-4514-9F75-0CE273E25770}"
EndProject
Global
	GlobalSection(SolutionConfigurationPlatforms) = preSolution
		Debug|Any CPU = Debug|Any CPU
		Release|Any CPU = Release|Any CPU
	EndGlobalSection
	GlobalSection(ProjectConfigurationPlatforms) = postSolution
		{9716B88E-FCFC-4514-9F75-0CE273E25770}.Debug|Any CPU.ActiveCfg = Debug|Any CPU
		{9716B88E-FCFC-4514-9F75-0CE273E25770}.Debug|Any CPU.Build.0 = Debug|Any CPU
		{9716B88E-FCFC-4514-9F75-0CE273E25770}.Release|Any CPU.ActiveCfg = Release|Any CPU
		{9716B88E-FCFC-4514-9F75-0CE273E25770}.Release|Any CPU.Build.0 = Release|Any CPU
	EndGlobalSection
	GlobalSection(SolutionProperties) = preSolution
		HideSolutionNode = FALSE
	EndGlobalSection
	GlobalSection(ExtensibilityGlobals) = postSolution
		SolutionGuid = {62640162-8570-4B1B-91E1-488FA067C8D5}
	EndGlobalSection
EndGlobal
