
Microsoft Visual Studio Solution File, Format Version 12.00
# Visual Studio Version 17
VisualStudioVersion = 17.4.33213.308
MinimumVisualStudioVersion = 10.0.40219.1
Project("{FAE04EC0-301F-11D3-BF4B-00C04F79EFBC}") = "MegaFilmes.API", "MegaFilmes.API\MegaFilmes.API.csproj", "{D8C398F5-F4B6-4873-99EF-AAF63E1BF073}"
EndProject
Project("{FAE04EC0-301F-11D3-BF4B-00C04F79EFBC}") = "MegaFilmes.Models", "MegaFilmes.Models\MegaFilmes.Models.csproj", "{0E15B2DB-7A85-4EB0-9BF2-0E65227A6917}"
EndProject
Project("{FAE04EC0-301F-11D3-BF4B-00C04F79EFBC}") = "MegaFilmes.Data", "MegaFilmes.Data\MegaFilmes.Data.csproj", "{927C1E4F-40C1-46DE-A3BE-AE0ACD419D32}"
EndProject
Project("{FAE04EC0-301F-11D3-BF4B-00C04F79EFBC}") = "MegaFilmes.Services", "MegaFilmes.Services\MegaFilmes.Services.csproj", "{52932BB1-2D6D-4CF0-9F3B-78184147B003}"
EndProject
Global
	GlobalSection(SolutionConfigurationPlatforms) = preSolution
		Debug|Any CPU = Debug|Any CPU
		Release|Any CPU = Release|Any CPU
	EndGlobalSection
	GlobalSection(ProjectConfigurationPlatforms) = postSolution
		{D8C398F5-F4B6-4873-99EF-AAF63E1BF073}.Debug|Any CPU.ActiveCfg = Debug|Any CPU
		{D8C398F5-F4B6-4873-99EF-AAF63E1BF073}.Debug|Any CPU.Build.0 = Debug|Any CPU
		{D8C398F5-F4B6-4873-99EF-AAF63E1BF073}.Release|Any CPU.ActiveCfg = Release|Any CPU
		{D8C398F5-F4B6-4873-99EF-AAF63E1BF073}.Release|Any CPU.Build.0 = Release|Any CPU
		{0E15B2DB-7A85-4EB0-9BF2-0E65227A6917}.Debug|Any CPU.ActiveCfg = Debug|Any CPU
		{0E15B2DB-7A85-4EB0-9BF2-0E65227A6917}.Debug|Any CPU.Build.0 = Debug|Any CPU
		{0E15B2DB-7A85-4EB0-9BF2-0E65227A6917}.Release|Any CPU.ActiveCfg = Release|Any CPU
		{0E15B2DB-7A85-4EB0-9BF2-0E65227A6917}.Release|Any CPU.Build.0 = Release|Any CPU
		{927C1E4F-40C1-46DE-A3BE-AE0ACD419D32}.Debug|Any CPU.ActiveCfg = Debug|Any CPU
		{927C1E4F-40C1-46DE-A3BE-AE0ACD419D32}.Debug|Any CPU.Build.0 = Debug|Any CPU
		{927C1E4F-40C1-46DE-A3BE-AE0ACD419D32}.Release|Any CPU.ActiveCfg = Release|Any CPU
		{927C1E4F-40C1-46DE-A3BE-AE0ACD419D32}.Release|Any CPU.Build.0 = Release|Any CPU
		{52932BB1-2D6D-4CF0-9F3B-78184147B003}.Debug|Any CPU.ActiveCfg = Debug|Any CPU
		{52932BB1-2D6D-4CF0-9F3B-78184147B003}.Debug|Any CPU.Build.0 = Debug|Any CPU
		{52932BB1-2D6D-4CF0-9F3B-78184147B003}.Release|Any CPU.ActiveCfg = Release|Any CPU
		{52932BB1-2D6D-4CF0-9F3B-78184147B003}.Release|Any CPU.Build.0 = Release|Any CPU
	EndGlobalSection
	GlobalSection(SolutionProperties) = preSolution
		HideSolutionNode = FALSE
	EndGlobalSection
	GlobalSection(ExtensibilityGlobals) = postSolution
		SolutionGuid = {FA1E9079-234B-4ACE-A4AD-57FDA6472687}
	EndGlobalSection
EndGlobal
